
Microsoft Visual Studio Solution File, Format Version 12.00
# Visual Studio 15
VisualStudioVersion = 15.0.26228.4
MinimumVisualStudioVersion = 10.0.40219.1
Project("{FAE04EC0-301F-11D3-BF4B-00C04F79EFBC}") = "elsign", "elsign\elsign.csproj", "{D513C73E-CDFB-426D-83E9-DB06BED5B3E2}"
EndProject
Project("{2150E333-8FDC-42A3-9474-1A3956D46DE8}") = "lib", "lib", "{AE662563-DBA9-4602-9A56-A1E23AACDD7C}"
	ProjectSection(SolutionItems) = preProject
		lib\Signicat.Basic.dll = lib\Signicat.Basic.dll
	EndProjectSection
EndProject
Project("{FAE04EC0-301F-11D3-BF4B-00C04F79EFBC}") = "basicexample", "basicexample\basicexample.csproj", "{24AF2312-6A63-49C4-ADA9-D73532C297EB}"
EndProject
Global
	GlobalSection(SolutionConfigurationPlatforms) = preSolution
		Debug|Any CPU = Debug|Any CPU
		Release|Any CPU = Release|Any CPU
	EndGlobalSection
	GlobalSection(ProjectConfigurationPlatforms) = postSolution
		{D513C73E-CDFB-426D-83E9-DB06BED5B3E2}.Debug|Any CPU.ActiveCfg = Debug|Any CPU
		{D513C73E-CDFB-426D-83E9-DB06BED5B3E2}.Debug|Any CPU.Build.0 = Debug|Any CPU
		{D513C73E-CDFB-426D-83E9-DB06BED5B3E2}.Release|Any CPU.ActiveCfg = Release|Any CPU
		{D513C73E-CDFB-426D-83E9-DB06BED5B3E2}.Release|Any CPU.Build.0 = Release|Any CPU
		{24AF2312-6A63-49C4-ADA9-D73532C297EB}.Debug|Any CPU.ActiveCfg = Debug|Any CPU
		{24AF2312-6A63-49C4-ADA9-D73532C297EB}.Debug|Any CPU.Build.0 = Debug|Any CPU
		{24AF2312-6A63-49C4-ADA9-D73532C297EB}.Release|Any CPU.ActiveCfg = Release|Any CPU
		{24AF2312-6A63-49C4-ADA9-D73532C297EB}.Release|Any CPU.Build.0 = Release|Any CPU
	EndGlobalSection
	GlobalSection(SolutionProperties) = preSolution
		HideSolutionNode = FALSE
	EndGlobalSection
EndGlobal
